
Microsoft Visual Studio Solution File, Format Version 12.00
# Visual Studio Version 17
VisualStudioVersion = 17.2.32602.215
MinimumVisualStudioVersion = 10.0.40219.1
Project("{54A90642-561A-4BB1-A94E-469ADEE60C69}") = "engagementrate", "EngagementRate\engagementrate.esproj", "{C8CE615D-EAE3-4901-8D3C-7F6AF44E7EDB}"
EndProject
Project("{FAE04EC0-301F-11D3-BF4B-00C04F79EFBC}") = "EngagementRate.Core", "EngagementRate.Core\EngagementRate.Core.csproj", "{1FCE4EC5-83AA-4726-8BB4-7B1AFBEFA4A6}"
EndProject
Global
	GlobalSection(SolutionConfigurationPlatforms) = preSolution
		Debug|Any CPU = Debug|Any CPU
		Release|Any CPU = Release|Any CPU
	EndGlobalSection
	GlobalSection(ProjectConfigurationPlatforms) = postSolution
		{C8CE615D-EAE3-4901-8D3C-7F6AF44E7EDB}.Debug|Any CPU.ActiveCfg = Debug|Any CPU
		{C8CE615D-EAE3-4901-8D3C-7F6AF44E7EDB}.Debug|Any CPU.Build.0 = Debug|Any CPU
		{C8CE615D-EAE3-4901-8D3C-7F6AF44E7EDB}.Debug|Any CPU.Deploy.0 = Debug|Any CPU
		{C8CE615D-EAE3-4901-8D3C-7F6AF44E7EDB}.Release|Any CPU.ActiveCfg = Release|Any CPU
		{C8CE615D-EAE3-4901-8D3C-7F6AF44E7EDB}.Release|Any CPU.Build.0 = Release|Any CPU
		{C8CE615D-EAE3-4901-8D3C-7F6AF44E7EDB}.Release|Any CPU.Deploy.0 = Release|Any CPU
		{1FCE4EC5-83AA-4726-8BB4-7B1AFBEFA4A6}.Debug|Any CPU.ActiveCfg = Debug|Any CPU
		{1FCE4EC5-83AA-4726-8BB4-7B1AFBEFA4A6}.Debug|Any CPU.Build.0 = Debug|Any CPU
		{1FCE4EC5-83AA-4726-8BB4-7B1AFBEFA4A6}.Release|Any CPU.ActiveCfg = Release|Any CPU
		{1FCE4EC5-83AA-4726-8BB4-7B1AFBEFA4A6}.Release|Any CPU.Build.0 = Release|Any CPU
	EndGlobalSection
	GlobalSection(SolutionProperties) = preSolution
		HideSolutionNode = FALSE
	EndGlobalSection
	GlobalSection(ExtensibilityGlobals) = postSolution
		SolutionGuid = {9F5EEE8D-4738-494C-9F56-E097E814CD76}
	EndGlobalSection
EndGlobal
